
Microsoft Visual Studio Solution File, Format Version 12.00
# Visual Studio Version 17
Project("{8BC9CEB8-8B4A-11D0-8D11-00A0C91BC942}") = "ALL_BUILD", "ALL_BUILD.vcxproj", "{0ADBD590-C8CE-3EB5-B220-EFA8C92175AB}"
	ProjectSection(ProjectDependencies) = postProject
		{E4D6FAB1-F18B-34D2-BEC1-3BAC618AE7CD} = {E4D6FAB1-F18B-34D2-BEC1-3BAC618AE7CD}
		{139E511C-8A8A-35F8-A6EA-A66FD0053A64} = {139E511C-8A8A-35F8-A6EA-A66FD0053A64}
		{3E05B7F4-4462-3113-8EC6-D7B5CC161E02} = {3E05B7F4-4462-3113-8EC6-D7B5CC161E02}
	EndProjectSection
EndProject
Project("{8BC9CEB8-8B4A-11D0-8D11-00A0C91BC942}") = "COPY_DLLS", "COPY_DLLS.vcxproj", "{E4D6FAB1-F18B-34D2-BEC1-3BAC618AE7CD}"
	ProjectSection(ProjectDependencies) = postProject
		{139E511C-8A8A-35F8-A6EA-A66FD0053A64} = {139E511C-8A8A-35F8-A6EA-A66FD0053A64}
	EndProjectSection
EndProject
Project("{8BC9CEB8-8B4A-11D0-8D11-00A0C91BC942}") = "ZERO_CHECK", "ZERO_CHECK.vcxproj", "{139E511C-8A8A-35F8-A6EA-A66FD0053A64}"
	ProjectSection(ProjectDependencies) = postProject
	EndProjectSection
EndProject
Project("{8BC9CEB8-8B4A-11D0-8D11-00A0C91BC942}") = "my_demo", "my_demo.vcxproj", "{3E05B7F4-4462-3113-8EC6-D7B5CC161E02}"
	ProjectSection(ProjectDependencies) = postProject
		{139E511C-8A8A-35F8-A6EA-A66FD0053A64} = {139E511C-8A8A-35F8-A6EA-A66FD0053A64}
	EndProjectSection
EndProject
Global
	GlobalSection(SolutionConfigurationPlatforms) = preSolution
		Debug|x64 = Debug|x64
		Release|x64 = Release|x64
		MinSizeRel|x64 = MinSizeRel|x64
		RelWithDebInfo|x64 = RelWithDebInfo|x64
	EndGlobalSection
	GlobalSection(ProjectConfigurationPlatforms) = postSolution
		{0ADBD590-C8CE-3EB5-B220-EFA8C92175AB}.Debug|x64.ActiveCfg = Debug|x64
		{0ADBD590-C8CE-3EB5-B220-EFA8C92175AB}.Release|x64.ActiveCfg = Release|x64
		{0ADBD590-C8CE-3EB5-B220-EFA8C92175AB}.MinSizeRel|x64.ActiveCfg = MinSizeRel|x64
		{0ADBD590-C8CE-3EB5-B220-EFA8C92175AB}.RelWithDebInfo|x64.ActiveCfg = RelWithDebInfo|x64
		{E4D6FAB1-F18B-34D2-BEC1-3BAC618AE7CD}.Debug|x64.ActiveCfg = Debug|x64
		{E4D6FAB1-F18B-34D2-BEC1-3BAC618AE7CD}.Debug|x64.Build.0 = Debug|x64
		{E4D6FAB1-F18B-34D2-BEC1-3BAC618AE7CD}.Release|x64.ActiveCfg = Release|x64
		{E4D6FAB1-F18B-34D2-BEC1-3BAC618AE7CD}.Release|x64.Build.0 = Release|x64
		{E4D6FAB1-F18B-34D2-BEC1-3BAC618AE7CD}.MinSizeRel|x64.ActiveCfg = MinSizeRel|x64
		{E4D6FAB1-F18B-34D2-BEC1-3BAC618AE7CD}.MinSizeRel|x64.Build.0 = MinSizeRel|x64
		{E4D6FAB1-F18B-34D2-BEC1-3BAC618AE7CD}.RelWithDebInfo|x64.ActiveCfg = RelWithDebInfo|x64
		{E4D6FAB1-F18B-34D2-BEC1-3BAC618AE7CD}.RelWithDebInfo|x64.Build.0 = RelWithDebInfo|x64
		{139E511C-8A8A-35F8-A6EA-A66FD0053A64}.Debug|x64.ActiveCfg = Debug|x64
		{139E511C-8A8A-35F8-A6EA-A66FD0053A64}.Debug|x64.Build.0 = Debug|x64
		{139E511C-8A8A-35F8-A6EA-A66FD0053A64}.Release|x64.ActiveCfg = Release|x64
		{139E511C-8A8A-35F8-A6EA-A66FD0053A64}.Release|x64.Build.0 = Release|x64
		{139E511C-8A8A-35F8-A6EA-A66FD0053A64}.MinSizeRel|x64.ActiveCfg = MinSizeRel|x64
		{139E511C-8A8A-35F8-A6EA-A66FD0053A64}.MinSizeRel|x64.Build.0 = MinSizeRel|x64
		{139E511C-8A8A-35F8-A6EA-A66FD0053A64}.RelWithDebInfo|x64.ActiveCfg = RelWithDebInfo|x64
		{139E511C-8A8A-35F8-A6EA-A66FD0053A64}.RelWithDebInfo|x64.Build.0 = RelWithDebInfo|x64
		{3E05B7F4-4462-3113-8EC6-D7B5CC161E02}.Debug|x64.ActiveCfg = Debug|x64
		{3E05B7F4-4462-3113-8EC6-D7B5CC161E02}.Debug|x64.Build.0 = Debug|x64
		{3E05B7F4-4462-3113-8EC6-D7B5CC161E02}.Release|x64.ActiveCfg = Release|x64
		{3E05B7F4-4462-3113-8EC6-D7B5CC161E02}.Release|x64.Build.0 = Release|x64
		{3E05B7F4-4462-3113-8EC6-D7B5CC161E02}.MinSizeRel|x64.ActiveCfg = MinSizeRel|x64
		{3E05B7F4-4462-3113-8EC6-D7B5CC161E02}.MinSizeRel|x64.Build.0 = MinSizeRel|x64
		{3E05B7F4-4462-3113-8EC6-D7B5CC161E02}.RelWithDebInfo|x64.ActiveCfg = RelWithDebInfo|x64
		{3E05B7F4-4462-3113-8EC6-D7B5CC161E02}.RelWithDebInfo|x64.Build.0 = RelWithDebInfo|x64
	EndGlobalSection
	GlobalSection(ExtensibilityGlobals) = postSolution
		SolutionGuid = {D9E59F52-B3E8-3C35-B868-20B85A8B767A}
	EndGlobalSection
	GlobalSection(ExtensibilityAddIns) = postSolution
	EndGlobalSection
EndGlobal
