<?xml version="1.0" encoding="utf-8"?>
<Project ToolsVersion="17.0" xmlns="http://schemas.microsoft.com/developer/msbuild/2003">
  <ItemGroup>
    <CustomBuild Include="C:\Users\patma\source\repos\RocketSim\RocketSimTemplate\CMakeFiles\cbcd387f8433da1cfe40d12e67b8ea1e\generate.stamp.rule">
      <Filter>CMake Rules</Filter>
    </CustomBuild>
  </ItemGroup>
  <ItemGroup>
    <Filter Include="CMake Rules">
      <UniqueIdentifier>{C8F073CF-25B7-3C1A-83C0-9ABAA339BC31}</UniqueIdentifier>
    </Filter>
  </ItemGroup>
</Project>
