<?xml version="1.0" encoding="utf-8"?>
<Project ToolsVersion="17.0" xmlns="http://schemas.microsoft.com/developer/msbuild/2003">
  <ItemGroup>
    <Filter Include="Source Files">
      <UniqueIdentifier>{315C7A4A-5F77-32E1-A020-76BBE435748C}</UniqueIdentifier>
    </Filter>
    <Filter Include="UMLDiagrams">
      <UniqueIdentifier>{cb9c2741-fff6-4e5d-8a16-16660ca7b87c}</UniqueIdentifier>
    </Filter>
  </ItemGroup>
  <ItemGroup>
    <None Include="..\.gitignore" />
    <None Include="points.csv" />
    <None Include="points2.csv" />
    <None Include="ClassDiagram.cd" />
    <None Include="ClassDiagram1.cd" />
    <None Include="Runs.csv" />
  </ItemGroup>
  <ItemGroup>
    <ClCompile Include="src\Control\Thrust\PID\PID.cpp" />
    <ClCompile Include="src\Control\Thrust\PID\PIDParams.cpp" />
    <ClCompile Include="src\Control\Thrust\ControlSystem.cpp" />
    <ClCompile Include="src\Control\Thrust\ControlSystemTuner.cpp" />
    <ClCompile Include="src\Control\Thrust\ThrustParameters.cpp" />
    <ClCompile Include="src\Control\Thrust\TunableControlSystem.cpp" />
    <ClCompile Include="src\Control\Trajectory\Course.cpp" />
    <ClCompile Include="src\Control\Trajectory\MotionCommand.cpp" />
    <ClCompile Include="src\Model\DragModel.cpp" />
    <ClCompile Include="src\Model\RocketModel.cpp" />
    <ClCompile Include="src\Model\RocketModelWithDrag.cpp" />
    <ClCompile Include="src\Util\ForceApplication.cpp" />
    <ClCompile Include="src\Util\Kinematics.cpp" />
    <ClCompile Include="src\Util\ObjectKinematics.cpp" />
    <ClCompile Include="src\RocketTVCSimuation.cpp" />
    <ClCompile Include="src\Simulator.cpp" />
    <ClCompile Include="src\Control\Thrust\PID\PIDNew.cpp" />
    <ClCompile Include="src\Control\Thrust\PID\PIDAutoTuner.cpp" />
    <ClCompile Include="src\Util\DataLog\DataLog.cpp" />
    <ClCompile Include="src\Util\DataLog\IMGuiHelpers.cpp" />
    <ClCompile Include="src\Util\DataLog\PlotUI.cpp" />
    <ClCompile Include="src\Util\DataLog\CSVLogger.cpp" />
    <ClCompile Include="src\Control\Thrust\PIDControl\PIDControlSystem.cpp" />
    <ClCompile Include="src\Control\Thrust\PIDControl\TunablePIDControlSystem.cpp" />
    <ClCompile Include="src\Model\RocketParams.cpp" />
    <ClCompile Include="src\Control\Trajectory\LookaheadSystem\LookaheadMotionControlSystem.cpp" />
    <ClCompile Include="src\Control\Trajectory\NullControlSystem\NullMotionControlSystem.cpp" />
    <ClCompile Include="src\SimSetup.cpp" />
    <ClCompile Include="src\Util\CSVReader.cpp" />
    <ClCompile Include="src\SimParams.cpp" />
    <ClCompile Include="src\Control\Thrust\FeedForwardControl\FeedForwardControl.cpp" />
    <ClCompile Include="src\Control\Trajectory\SpiralSystem\SpiralControlSystem.cpp" />
    <ClCompile Include="src\Control\Thrust\MPCControl\MPCControl.cpp" />
    <ClCompile Include="src\Control\Thrust\LQRControl\LQRControl.cpp" />
    <ClCompile Include="src\Control\Thrust\LQRControl\LQRController.cpp" />
  </ItemGroup>
  <ItemGroup>
    <ClInclude Include="src\Control\Thrust\PID\PID.h" />
    <ClInclude Include="src\Control\Thrust\PID\PIDParams.h" />
    <ClInclude Include="src\Control\Thrust\ControlSystem.h" />
    <ClInclude Include="src\Control\Thrust\ControlSystemTuner.h" />
    <ClInclude Include="src\Control\Thrust\ThrustParameters.h" />
    <ClInclude Include="src\Control\Thrust\TunableControlSystem.h" />
    <ClInclude Include="src\Control\Trajectory\Course.h" />
    <ClInclude Include="src\Control\Trajectory\MotionCommand.h" />
    <ClInclude Include="src\Control\Trajectory\MotionControlSystem.h" />
    <ClInclude Include="src\Control\Trajectory\TrajectoryCommand.h" />
    <ClInclude Include="src\Model\DragModel.h" />
    <ClInclude Include="src\Model\RocketModel.h" />
    <ClInclude Include="src\Model\RocketModelWithDrag.h" />
    <ClInclude Include="src\Util\ForceApplication.h" />
    <ClInclude Include="src\Util\Kinematics.h" />
    <ClInclude Include="src\Util\ObjectKinematics.h" />
    <ClInclude Include="src\Simulator.h" />
    <ClInclude Include="src\Control\Thrust\PID\PIDNew.h" />
    <ClInclude Include="src\Control\Thrust\PID\PIDAutoTuner.h" />
    <ClInclude Include="src\Util\CircularBuffer.h" />
    <ClInclude Include="src\Util\DataLog\DataLog.h" />
    <ClInclude Include="src\Util\DataLog\IMGuiHelpers.h" />
    <ClInclude Include="src\Util\DataLog\concurrent\atomicops.h" />
    <ClInclude Include="src\Util\DataLog\concurrent\readerwriterqueue.h" />
    <ClInclude Include="src\Util\DataLog\DataRow.h" />
    <ClInclude Include="src\Util\DataLog\concurrent\AppendOnlyVector.h" />
    <ClInclude Include="src\Util\DataLog\PlotDataContainer.h" />
    <ClInclude Include="src\Util\DataLog\PlotUI.h" />
    <ClInclude Include="src\Util\DataLog\CSVLogger.h" />
    <ClInclude Include="src\Util\Utils.h" />
    <ClInclude Include="src\Control\Thrust\PIDControl\PIDControlSystem.h" />
    <ClInclude Include="src\Control\Thrust\PIDControl\TunablePIDControlSystem.h" />
    <ClInclude Include="src\Control\Thrust\ITunable.h" />
    <ClInclude Include="src\Model\RocketParams.h" />
    <ClInclude Include="src\Control\Trajectory\LookaheadSystem\LookaheadMotionControlSystem.h" />
    <ClInclude Include="src\Control\Trajectory\NullControlSystem\NullMotionControlSystem.h" />
    <ClInclude Include="src\SimSetup.h" />
    <ClInclude Include="src\SimParams.h" />
    <ClInclude Include="src\Util\CSVReader.h" />
    <ClInclude Include="src\Util\defines.h" />
    <ClInclude Include="src\Control\Thrust\FeedForwardControl\FeedForwardControl.h" />
    <ClInclude Include="src\Control\Trajectory\SpiralSystem\SpiralControlSystem.h" />
    <ClInclude Include="src\Control\Thrust\MPCControl\MPCControl.h" />
    <ClInclude Include="src\Control\Thrust\LQRControl\LQRControl.h" />
    <ClInclude Include="src\Control\Thrust\LQRControl\LQRController.h" />
  </ItemGroup>
  <ItemGroup>
    <Text Include="src\CMakeLists.txt" />
    <Text Include="src\TODO.txt" />
  </ItemGroup>
</Project>