<?xml version="1.0" encoding="utf-8"?>
<Project ToolsVersion="17.0" xmlns="http://schemas.microsoft.com/developer/msbuild/2003">
  <ItemGroup>
    <Filter Include="Source Files">
      <UniqueIdentifier>{315C7A4A-5F77-32E1-A020-76BBE435748C}</UniqueIdentifier>
    </Filter>
    <Filter Include="UMLDiagrams">
      <UniqueIdentifier>{cb9c2741-fff6-4e5d-8a16-16660ca7b87c}</UniqueIdentifier>
    </Filter>
    <Filter Include="Source Files\Headers">
      <UniqueIdentifier>{4b8a257f-45ec-44d5-b8dc-0f7b0550b272}</UniqueIdentifier>
    </Filter>
  </ItemGroup>
  <ItemGroup>
    <None Include="activity.uml">
      <Filter>UMLDiagrams</Filter>
    </None>
    <None Include="..\.gitignore" />
    <None Include="..\points.csv" />
    <None Include="..\points2.csv" />
  </ItemGroup>
  <ItemGroup>
    <Text Include="..\src\CMakeLists.txt" />
  </ItemGroup>
  <ItemGroup>
    <ClCompile Include="..\src\RocketTVCSimuation.cpp">
      <Filter>Source Files</Filter>
    </ClCompile>
    <ClCompile Include="..\src\ControlSystem.cpp">
      <Filter>Source Files</Filter>
    </ClCompile>
    <ClCompile Include="..\src\ControlSystemTuner.cpp">
      <Filter>Source Files</Filter>
    </ClCompile>
    <ClCompile Include="..\src\Course.cpp">
      <Filter>Source Files</Filter>
    </ClCompile>
    <ClCompile Include="..\src\DragModel.cpp">
      <Filter>Source Files</Filter>
    </ClCompile>
    <ClCompile Include="..\src\ForceApplication.cpp">
      <Filter>Source Files</Filter>
    </ClCompile>
    <ClCompile Include="..\src\Kinematics.cpp">
      <Filter>Source Files</Filter>
    </ClCompile>
    <ClCompile Include="..\src\MotionCommand.cpp">
      <Filter>Source Files</Filter>
    </ClCompile>
    <ClCompile Include="..\src\MotionControlSystem.cpp">
      <Filter>Source Files</Filter>
    </ClCompile>
    <ClCompile Include="..\src\ObjectKinematics.cpp">
      <Filter>Source Files</Filter>
    </ClCompile>
    <ClCompile Include="..\src\RocketModel.cpp">
      <Filter>Source Files</Filter>
    </ClCompile>
    <ClCompile Include="..\src\RocketModelWithDrag.cpp">
      <Filter>Source Files</Filter>
    </ClCompile>
    <ClCompile Include="..\src\Simulator.cpp">
      <Filter>Source Files</Filter>
    </ClCompile>
    <ClCompile Include="..\src\ThrustParameters.cpp">
      <Filter>Source Files</Filter>
    </ClCompile>
    <ClCompile Include="..\src\TunableControlSystem.cpp">
      <Filter>Source Files</Filter>
    </ClCompile>
  </ItemGroup>
  <ItemGroup>
    <ClInclude Include="..\src\ControlSystem.h">
      <Filter>Source Files</Filter>
    </ClInclude>
    <ClInclude Include="..\src\ControlSystemTuner.h">
      <Filter>Source Files</Filter>
    </ClInclude>
    <ClInclude Include="..\src\Course.h">
      <Filter>Source Files</Filter>
    </ClInclude>
    <ClInclude Include="..\src\DragModel.h">
      <Filter>Source Files</Filter>
    </ClInclude>
    <ClInclude Include="..\src\ForceApplication.h">
      <Filter>Source Files</Filter>
    </ClInclude>
    <ClInclude Include="..\src\Kinematics.h">
      <Filter>Source Files</Filter>
    </ClInclude>
    <ClInclude Include="..\src\MotionCommand.h">
      <Filter>Source Files</Filter>
    </ClInclude>
    <ClInclude Include="..\src\MotionControlSystem.h">
      <Filter>Source Files</Filter>
    </ClInclude>
    <ClInclude Include="..\src\ObjectKinematics.h">
      <Filter>Source Files</Filter>
    </ClInclude>
    <ClInclude Include="..\src\RocketModel.h">
      <Filter>Source Files</Filter>
    </ClInclude>
    <ClInclude Include="..\src\RocketModelWithDrag.h">
      <Filter>Source Files</Filter>
    </ClInclude>
    <ClInclude Include="..\src\Simulator.h">
      <Filter>Source Files</Filter>
    </ClInclude>
    <ClInclude Include="..\src\ThrustParameters.h">
      <Filter>Source Files</Filter>
    </ClInclude>
    <ClInclude Include="..\src\TunableControlSystem.h">
      <Filter>Source Files</Filter>
    </ClInclude>
  </ItemGroup>
</Project>